// !$*UTF8*$!
{
	archiveVersion = 1;
	classes = {
	};
	objectVersion = 46;
	objects = {

/* Begin PBXBuildFile section */
		3750530619E83A7E00607BAF /* main.m in Sources */ = {isa = PBXBuildFile; fileRef = 3750530519E83A7E00607BAF /* main.m */; };
		3750530919E83A7E00607BAF /* AppDelegate.m in Sources */ = {isa = PBXBuildFile; fileRef = 3750530819E83A7E00607BAF /* AppDelegate.m */; };
		3750530F19E83A7E00607BAF /* Main.storyboard in Resources */ = {isa = PBXBuildFile; fileRef = 3750530D19E83A7E00607BAF /* Main.storyboard */; };
		3750531119E83A7E00607BAF /* Images.xcassets in Resources */ = {isa = PBXBuildFile; fileRef = 3750531019E83A7E00607BAF /* Images.xcassets */; };
		3750532E19EC35BA00607BAF /* UIView+Layout.m in Sources */ = {isa = PBXBuildFile; fileRef = 3750532C19EC35BA00607BAF /* UIView+Layout.m */; };
		3750533119EC35D500607BAF /* HomeViewController.m in Sources */ = {isa = PBXBuildFile; fileRef = 3750533019EC35D500607BAF /* HomeViewController.m */; };
		3750533519EC597200607BAF /* LoginViewController.m in Sources */ = {isa = PBXBuildFile; fileRef = 3750533419EC597200607BAF /* LoginViewController.m */; };
		3750533A19ED7F6900607BAF /* UIButton+Styles.m in Sources */ = {isa = PBXBuildFile; fileRef = 3750533919ED7F6900607BAF /* UIButton+Styles.m */; };
		3750533D19ED874500607BAF /* HoodieManager.m in Sources */ = {isa = PBXBuildFile; fileRef = 3750533C19ED874500607BAF /* HoodieManager.m */; };
		3750534119ED898500607BAF /* FadeSegue.m in Sources */ = {isa = PBXBuildFile; fileRef = 3750534019ED898500607BAF /* FadeSegue.m */; };
		3750534419ED8A6200607BAF /* MaskTransition.m in Sources */ = {isa = PBXBuildFile; fileRef = 3750534319ED8A6200607BAF /* MaskTransition.m */; };
		3750534719ED8F3000607BAF /* JVFloatLabeledTextField+Styles.m in Sources */ = {isa = PBXBuildFile; fileRef = 3750534619ED8F3000607BAF /* JVFloatLabeledTextField+Styles.m */; };
		3750534919EECF3C00607BAF /* MapKit.framework in Frameworks */ = {isa = PBXBuildFile; fileRef = 3750534819EECF3C00607BAF /* MapKit.framework */; };
		3750534B19EECF4400607BAF /* CoreLocation.framework in Frameworks */ = {isa = PBXBuildFile; fileRef = 3750534A19EECF4400607BAF /* CoreLocation.framework */; };
		3750534E19EED3C900607BAF /* SelectLocationViewController.m in Sources */ = {isa = PBXBuildFile; fileRef = 3750534D19EED3C900607BAF /* SelectLocationViewController.m */; };
		3750535119EF32B200607BAF /* GooglePlacesClient.m in Sources */ = {isa = PBXBuildFile; fileRef = 3750535019EF32B200607BAF /* GooglePlacesClient.m */; };
		3750535419F0240B00607BAF /* FourSquarePlace.m in Sources */ = {isa = PBXBuildFile; fileRef = 3750535319F0240B00607BAF /* FourSquarePlace.m */; };
		3763EB4419F1C0D0004B9546 /* MKMapView+ZoomLevel.m in Sources */ = {isa = PBXBuildFile; fileRef = 3763EB4319F1C0D0004B9546 /* MKMapView+ZoomLevel.m */; };
		37892E4D19ECF169008BE88D /* UIColor+Styles.m in Sources */ = {isa = PBXBuildFile; fileRef = 37892E4C19ECF169008BE88D /* UIColor+Styles.m */; };
		37892E5019EE0105008BE88D /* AppearanceManager.m in Sources */ = {isa = PBXBuildFile; fileRef = 37892E4F19EE0105008BE88D /* AppearanceManager.m */; };
		37D82F3F19E8AF3700DF6775 /* Nanaimo.gpx in Resources */ = {isa = PBXBuildFile; fileRef = 37D82F3E19E8AF3700DF6775 /* Nanaimo.gpx */; };
		37D82F4819E8CBF200DF6775 /* FourSquareAPIClient.m in Sources */ = {isa = PBXBuildFile; fileRef = 37D82F4719E8CBF200DF6775 /* FourSquareAPIClient.m */; };
		37D82F4C19E8CD6F00DF6775 /* FourSquareJSONResponseSerializer.m in Sources */ = {isa = PBXBuildFile; fileRef = 37D82F4B19E8CD6F00DF6775 /* FourSquareJSONResponseSerializer.m */; };
		37D82F4F19E8CD9800DF6775 /* FourSquareJSONRequestSerializer.m in Sources */ = {isa = PBXBuildFile; fileRef = 37D82F4E19E8CD9800DF6775 /* FourSquareJSONRequestSerializer.m */; };
		E0D320E0D56ADEC36F7E4FF3 /* libPods.a in Frameworks */ = {isa = PBXBuildFile; fileRef = 97773A3A90A2E8721A16B077 /* libPods.a */; };
/* End PBXBuildFile section */

/* Begin PBXFileReference section */
		29D046EE76B3265E9C98E4C4 /* Pods.debug.xcconfig */ = {isa = PBXFileReference; includeInIndex = 1; lastKnownFileType = text.xcconfig; name = Pods.debug.xcconfig; path = "Pods/Target Support Files/Pods/Pods.debug.xcconfig"; sourceTree = "<group>"; };
		3750530019E83A7E00607BAF /* BeenThere.app */ = {isa = PBXFileReference; explicitFileType = wrapper.application; includeInIndex = 0; path = BeenThere.app; sourceTree = BUILT_PRODUCTS_DIR; };
		3750530419E83A7E00607BAF /* Info.plist */ = {isa = PBXFileReference; lastKnownFileType = text.plist.xml; path = Info.plist; sourceTree = "<group>"; };
		3750530519E83A7E00607BAF /* main.m */ = {isa = PBXFileReference; lastKnownFileType = sourcecode.c.objc; path = main.m; sourceTree = "<group>"; };
		3750530719E83A7E00607BAF /* AppDelegate.h */ = {isa = PBXFileReference; lastKnownFileType = sourcecode.c.h; path = AppDelegate.h; sourceTree = "<group>"; };
		3750530819E83A7E00607BAF /* AppDelegate.m */ = {isa = PBXFileReference; lastKnownFileType = sourcecode.c.objc; path = AppDelegate.m; sourceTree = "<group>"; };
		3750530E19E83A7E00607BAF /* Base */ = {isa = PBXFileReference; lastKnownFileType = file.storyboard; name = Base; path = Base.lproj/Main.storyboard; sourceTree = "<group>"; };
		3750531019E83A7E00607BAF /* Images.xcassets */ = {isa = PBXFileReference; lastKnownFileType = folder.assetcatalog; path = Images.xcassets; sourceTree = "<group>"; };
		3750532B19EC35BA00607BAF /* UIView+Layout.h */ = {isa = PBXFileReference; fileEncoding = 4; lastKnownFileType = sourcecode.c.h; path = "UIView+Layout.h"; sourceTree = "<group>"; };
		3750532C19EC35BA00607BAF /* UIView+Layout.m */ = {isa = PBXFileReference; fileEncoding = 4; lastKnownFileType = sourcecode.c.objc; path = "UIView+Layout.m"; sourceTree = "<group>"; };
		3750532D19EC35BA00607BAF /* UIViewLayout.h */ = {isa = PBXFileReference; fileEncoding = 4; lastKnownFileType = sourcecode.c.h; path = UIViewLayout.h; sourceTree = "<group>"; };
		3750532F19EC35D500607BAF /* HomeViewController.h */ = {isa = PBXFileReference; fileEncoding = 4; lastKnownFileType = sourcecode.c.h; name = HomeViewController.h; path = Controllers/HomeViewController.h; sourceTree = "<group>"; };
		3750533019EC35D500607BAF /* HomeViewController.m */ = {isa = PBXFileReference; fileEncoding = 4; lastKnownFileType = sourcecode.c.objc; name = HomeViewController.m; path = Controllers/HomeViewController.m; sourceTree = "<group>"; };
		3750533319EC597200607BAF /* LoginViewController.h */ = {isa = PBXFileReference; fileEncoding = 4; lastKnownFileType = sourcecode.c.h; name = LoginViewController.h; path = Controllers/LoginViewController.h; sourceTree = "<group>"; };
		3750533419EC597200607BAF /* LoginViewController.m */ = {isa = PBXFileReference; fileEncoding = 4; lastKnownFileType = sourcecode.c.objc; name = LoginViewController.m; path = Controllers/LoginViewController.m; sourceTree = "<group>"; };
		3750533619EC620900607BAF /* Application.h */ = {isa = PBXFileReference; fileEncoding = 4; lastKnownFileType = sourcecode.c.h; path = Application.h; sourceTree = "<group>"; };
		3750533719EC714500607BAF /* BeenThere.pch */ = {isa = PBXFileReference; fileEncoding = 4; lastKnownFileType = sourcecode.c.h; path = BeenThere.pch; sourceTree = "<group>"; };
		3750533819ED7F6900607BAF /* UIButton+Styles.h */ = {isa = PBXFileReference; fileEncoding = 4; lastKnownFileType = sourcecode.c.h; name = "UIButton+Styles.h"; path = "Styles/UIButton+Styles.h"; sourceTree = "<group>"; };
		3750533919ED7F6900607BAF /* UIButton+Styles.m */ = {isa = PBXFileReference; fileEncoding = 4; lastKnownFileType = sourcecode.c.objc; name = "UIButton+Styles.m"; path = "Styles/UIButton+Styles.m"; sourceTree = "<group>"; };
		3750533B19ED874500607BAF /* HoodieManager.h */ = {isa = PBXFileReference; fileEncoding = 4; lastKnownFileType = sourcecode.c.h; name = HoodieManager.h; path = Model/HoodieManager.h; sourceTree = "<group>"; };
		3750533C19ED874500607BAF /* HoodieManager.m */ = {isa = PBXFileReference; fileEncoding = 4; lastKnownFileType = sourcecode.c.objc; name = HoodieManager.m; path = Model/HoodieManager.m; sourceTree = "<group>"; };
		3750533F19ED898500607BAF /* FadeSegue.h */ = {isa = PBXFileReference; fileEncoding = 4; lastKnownFileType = sourcecode.c.h; name = FadeSegue.h; path = Segues/FadeSegue.h; sourceTree = "<group>"; };
		3750534019ED898500607BAF /* FadeSegue.m */ = {isa = PBXFileReference; fileEncoding = 4; lastKnownFileType = sourcecode.c.objc; name = FadeSegue.m; path = Segues/FadeSegue.m; sourceTree = "<group>"; };
		3750534219ED8A6200607BAF /* MaskTransition.h */ = {isa = PBXFileReference; fileEncoding = 4; lastKnownFileType = sourcecode.c.h; name = MaskTransition.h; path = Segues/MaskTransition.h; sourceTree = "<group>"; };
		3750534319ED8A6200607BAF /* MaskTransition.m */ = {isa = PBXFileReference; fileEncoding = 4; lastKnownFileType = sourcecode.c.objc; name = MaskTransition.m; path = Segues/MaskTransition.m; sourceTree = "<group>"; };
		3750534519ED8F3000607BAF /* JVFloatLabeledTextField+Styles.h */ = {isa = PBXFileReference; fileEncoding = 4; lastKnownFileType = sourcecode.c.h; name = "JVFloatLabeledTextField+Styles.h"; path = "Styles/JVFloatLabeledTextField+Styles.h"; sourceTree = "<group>"; };
		3750534619ED8F3000607BAF /* JVFloatLabeledTextField+Styles.m */ = {isa = PBXFileReference; fileEncoding = 4; lastKnownFileType = sourcecode.c.objc; name = "JVFloatLabeledTextField+Styles.m"; path = "Styles/JVFloatLabeledTextField+Styles.m"; sourceTree = "<group>"; };
		3750534819EECF3C00607BAF /* MapKit.framework */ = {isa = PBXFileReference; lastKnownFileType = wrapper.framework; name = MapKit.framework; path = System/Library/Frameworks/MapKit.framework; sourceTree = SDKROOT; };
		3750534A19EECF4400607BAF /* CoreLocation.framework */ = {isa = PBXFileReference; lastKnownFileType = wrapper.framework; name = CoreLocation.framework; path = System/Library/Frameworks/CoreLocation.framework; sourceTree = SDKROOT; };
		3750534C19EED3C900607BAF /* SelectLocationViewController.h */ = {isa = PBXFileReference; fileEncoding = 4; lastKnownFileType = sourcecode.c.h; name = SelectLocationViewController.h; path = Controllers/SelectLocationViewController.h; sourceTree = "<group>"; };
		3750534D19EED3C900607BAF /* SelectLocationViewController.m */ = {isa = PBXFileReference; fileEncoding = 4; lastKnownFileType = sourcecode.c.objc; name = SelectLocationViewController.m; path = Controllers/SelectLocationViewController.m; sourceTree = "<group>"; };
		3750534F19EF32B200607BAF /* GooglePlacesClient.h */ = {isa = PBXFileReference; fileEncoding = 4; lastKnownFileType = sourcecode.c.h; name = GooglePlacesClient.h; path = "Network Client/GooglePlacesClient.h"; sourceTree = "<group>"; };
		3750535019EF32B200607BAF /* GooglePlacesClient.m */ = {isa = PBXFileReference; fileEncoding = 4; lastKnownFileType = sourcecode.c.objc; name = GooglePlacesClient.m; path = "Network Client/GooglePlacesClient.m"; sourceTree = "<group>"; };
		3750535219F0240B00607BAF /* FourSquarePlace.h */ = {isa = PBXFileReference; fileEncoding = 4; lastKnownFileType = sourcecode.c.h; name = FourSquarePlace.h; path = Model/FourSquarePlace.h; sourceTree = "<group>"; };
		3750535319F0240B00607BAF /* FourSquarePlace.m */ = {isa = PBXFileReference; fileEncoding = 4; lastKnownFileType = sourcecode.c.objc; name = FourSquarePlace.m; path = Model/FourSquarePlace.m; sourceTree = "<group>"; };
		3763EB4219F1C0D0004B9546 /* MKMapView+ZoomLevel.h */ = {isa = PBXFileReference; fileEncoding = 4; lastKnownFileType = sourcecode.c.h; name = "MKMapView+ZoomLevel.h"; path = "Categories/MKMapView+ZoomLevel.h"; sourceTree = "<group>"; };
		3763EB4319F1C0D0004B9546 /* MKMapView+ZoomLevel.m */ = {isa = PBXFileReference; fileEncoding = 4; lastKnownFileType = sourcecode.c.objc; name = "MKMapView+ZoomLevel.m"; path = "Categories/MKMapView+ZoomLevel.m"; sourceTree = "<group>"; };
		37892E4B19ECF169008BE88D /* UIColor+Styles.h */ = {isa = PBXFileReference; fileEncoding = 4; lastKnownFileType = sourcecode.c.h; name = "UIColor+Styles.h"; path = "Styles/UIColor+Styles.h"; sourceTree = "<group>"; };
		37892E4C19ECF169008BE88D /* UIColor+Styles.m */ = {isa = PBXFileReference; fileEncoding = 4; lastKnownFileType = sourcecode.c.objc; name = "UIColor+Styles.m"; path = "Styles/UIColor+Styles.m"; sourceTree = "<group>"; };
		37892E4E19EE0105008BE88D /* AppearanceManager.h */ = {isa = PBXFileReference; fileEncoding = 4; lastKnownFileType = sourcecode.c.h; name = AppearanceManager.h; path = Styles/AppearanceManager.h; sourceTree = "<group>"; };
		37892E4F19EE0105008BE88D /* AppearanceManager.m */ = {isa = PBXFileReference; fileEncoding = 4; lastKnownFileType = sourcecode.c.objc; name = AppearanceManager.m; path = Styles/AppearanceManager.m; sourceTree = "<group>"; };
		37D82F3E19E8AF3700DF6775 /* Nanaimo.gpx */ = {isa = PBXFileReference; fileEncoding = 4; lastKnownFileType = text.xml; name = Nanaimo.gpx; path = Resources/Nanaimo.gpx; sourceTree = "<group>"; };
		37D82F4619E8CBF200DF6775 /* FourSquareAPIClient.h */ = {isa = PBXFileReference; fileEncoding = 4; lastKnownFileType = sourcecode.c.h; name = FourSquareAPIClient.h; path = "Network Client/FourSquareAPIClient.h"; sourceTree = "<group>"; };
		37D82F4719E8CBF200DF6775 /* FourSquareAPIClient.m */ = {isa = PBXFileReference; fileEncoding = 4; lastKnownFileType = sourcecode.c.objc; name = FourSquareAPIClient.m; path = "Network Client/FourSquareAPIClient.m"; sourceTree = "<group>"; };
		37D82F4A19E8CD6F00DF6775 /* FourSquareJSONResponseSerializer.h */ = {isa = PBXFileReference; fileEncoding = 4; lastKnownFileType = sourcecode.c.h; name = FourSquareJSONResponseSerializer.h; path = "Network Client/Serializers/FourSquareJSONResponseSerializer.h"; sourceTree = "<group>"; };
		37D82F4B19E8CD6F00DF6775 /* FourSquareJSONResponseSerializer.m */ = {isa = PBXFileReference; fileEncoding = 4; lastKnownFileType = sourcecode.c.objc; name = FourSquareJSONResponseSerializer.m; path = "Network Client/Serializers/FourSquareJSONResponseSerializer.m"; sourceTree = "<group>"; };
		37D82F4D19E8CD9800DF6775 /* FourSquareJSONRequestSerializer.h */ = {isa = PBXFileReference; fileEncoding = 4; lastKnownFileType = sourcecode.c.h; name = FourSquareJSONRequestSerializer.h; path = "Network Client/Serializers/FourSquareJSONRequestSerializer.h"; sourceTree = "<group>"; };
		37D82F4E19E8CD9800DF6775 /* FourSquareJSONRequestSerializer.m */ = {isa = PBXFileReference; fileEncoding = 4; lastKnownFileType = sourcecode.c.objc; name = FourSquareJSONRequestSerializer.m; path = "Network Client/Serializers/FourSquareJSONRequestSerializer.m"; sourceTree = "<group>"; };
		97773A3A90A2E8721A16B077 /* libPods.a */ = {isa = PBXFileReference; explicitFileType = archive.ar; includeInIndex = 0; path = libPods.a; sourceTree = BUILT_PRODUCTS_DIR; };
		C017DE384665C45848A93927 /* Pods.release.xcconfig */ = {isa = PBXFileReference; includeInIndex = 1; lastKnownFileType = text.xcconfig; name = Pods.release.xcconfig; path = "Pods/Target Support Files/Pods/Pods.release.xcconfig"; sourceTree = "<group>"; };
/* End PBXFileReference section */

/* Begin PBXFrameworksBuildPhase section */
		375052FD19E83A7E00607BAF /* Frameworks */ = {
			isa = PBXFrameworksBuildPhase;
			buildActionMask = 2147483647;
			files = (
				3750534B19EECF4400607BAF /* CoreLocation.framework in Frameworks */,
				3750534919EECF3C00607BAF /* MapKit.framework in Frameworks */,
				E0D320E0D56ADEC36F7E4FF3 /* libPods.a in Frameworks */,
			);
			runOnlyForDeploymentPostprocessing = 0;
		};
/* End PBXFrameworksBuildPhase section */

/* Begin PBXGroup section */
		375052F719E83A7E00607BAF = {
			isa = PBXGroup;
			children = (
				3750530219E83A7E00607BAF /* BeenThere */,
				3750530119E83A7E00607BAF /* Products */,
				6331721BCBC8FF224067D70B /* Pods */,
				B2638A64A0F189760A7E9289 /* Frameworks */,
			);
			sourceTree = "<group>";
		};
		3750530119E83A7E00607BAF /* Products */ = {
			isa = PBXGroup;
			children = (
				3750530019E83A7E00607BAF /* BeenThere.app */,
			);
			name = Products;
			sourceTree = "<group>";
		};
		3750530219E83A7E00607BAF /* BeenThere */ = {
			isa = PBXGroup;
			children = (
				37D82F4019E8AF4600DF6775 /* Application */,
				3763EB4119F1C095004B9546 /* Categories */,
				37D82F4319E8AF7800DF6775 /* Controllers */,
				3750531019E83A7E00607BAF /* Images.xcassets */,
				3750532919EC355400607BAF /* Libraries */,
				37D82F4219E8AF7300DF6775 /* Model */,
				37D82F4519E8CBC700DF6775 /* Network Client */,
				37D82F3B19E8AEFB00DF6775 /* Resources */,
				3750533E19ED895A00607BAF /* Segues */,
				37D82F4119E8AF6B00DF6775 /* Storyboards */,
				37892E4A19ECF126008BE88D /* Styles */,
				3750530319E83A7E00607BAF /* Supporting Files */,
				3750533219EC362900607BAF /* Validators */,
				37D82F4419E8AF8000DF6775 /* Views */,
			);
			path = BeenThere;
			sourceTree = "<group>";
		};
		3750530319E83A7E00607BAF /* Supporting Files */ = {
			isa = PBXGroup;
			children = (
				3750530419E83A7E00607BAF /* Info.plist */,
				3750530519E83A7E00607BAF /* main.m */,
				3750533719EC714500607BAF /* BeenThere.pch */,
			);
			name = "Supporting Files";
			sourceTree = "<group>";
		};
		3750532919EC355400607BAF /* Libraries */ = {
			isa = PBXGroup;
			children = (
				3750532A19EC35BA00607BAF /* UIViewLayout */,
			);
			name = Libraries;
			sourceTree = "<group>";
		};
		3750532A19EC35BA00607BAF /* UIViewLayout */ = {
			isa = PBXGroup;
			children = (
				3750532B19EC35BA00607BAF /* UIView+Layout.h */,
				3750532C19EC35BA00607BAF /* UIView+Layout.m */,
				3750532D19EC35BA00607BAF /* UIViewLayout.h */,
			);
			name = UIViewLayout;
			path = Libraries/UIViewLayout;
			sourceTree = "<group>";
		};
		3750533219EC362900607BAF /* Validators */ = {
			isa = PBXGroup;
			children = (
			);
			name = Validators;
			sourceTree = "<group>";
		};
		3750533E19ED895A00607BAF /* Segues */ = {
			isa = PBXGroup;
			children = (
				3750533F19ED898500607BAF /* FadeSegue.h */,
				3750534019ED898500607BAF /* FadeSegue.m */,
				3750534219ED8A6200607BAF /* MaskTransition.h */,
				3750534319ED8A6200607BAF /* MaskTransition.m */,
			);
			name = Segues;
			sourceTree = "<group>";
		};
		3763EB4119F1C095004B9546 /* Categories */ = {
			isa = PBXGroup;
			children = (
				3763EB4219F1C0D0004B9546 /* MKMapView+ZoomLevel.h */,
				3763EB4319F1C0D0004B9546 /* MKMapView+ZoomLevel.m */,
			);
			name = Categories;
			sourceTree = "<group>";
		};
		37892E4A19ECF126008BE88D /* Styles */ = {
			isa = PBXGroup;
			children = (
				37892E4B19ECF169008BE88D /* UIColor+Styles.h */,
				37892E4C19ECF169008BE88D /* UIColor+Styles.m */,
				3750533819ED7F6900607BAF /* UIButton+Styles.h */,
				3750533919ED7F6900607BAF /* UIButton+Styles.m */,
				3750534519ED8F3000607BAF /* JVFloatLabeledTextField+Styles.h */,
				3750534619ED8F3000607BAF /* JVFloatLabeledTextField+Styles.m */,
				37892E4E19EE0105008BE88D /* AppearanceManager.h */,
				37892E4F19EE0105008BE88D /* AppearanceManager.m */,
			);
			name = Styles;
			sourceTree = "<group>";
		};
		37D82F3B19E8AEFB00DF6775 /* Resources */ = {
			isa = PBXGroup;
			children = (
				37D82F3E19E8AF3700DF6775 /* Nanaimo.gpx */,
			);
			name = Resources;
			sourceTree = "<group>";
		};
		37D82F4019E8AF4600DF6775 /* Application */ = {
			isa = PBXGroup;
			children = (
				3750530719E83A7E00607BAF /* AppDelegate.h */,
				3750530819E83A7E00607BAF /* AppDelegate.m */,
				3750533619EC620900607BAF /* Application.h */,
			);
			name = Application;
			sourceTree = "<group>";
		};
		37D82F4119E8AF6B00DF6775 /* Storyboards */ = {
			isa = PBXGroup;
			children = (
				3750530D19E83A7E00607BAF /* Main.storyboard */,
			);
			name = Storyboards;
			sourceTree = "<group>";
		};
		37D82F4219E8AF7300DF6775 /* Model */ = {
			isa = PBXGroup;
			children = (
				3750533B19ED874500607BAF /* HoodieManager.h */,
				3750533C19ED874500607BAF /* HoodieManager.m */,
				3750535219F0240B00607BAF /* FourSquarePlace.h */,
				3750535319F0240B00607BAF /* FourSquarePlace.m */,
			);
			name = Model;
			sourceTree = "<group>";
		};
		37D82F4319E8AF7800DF6775 /* Controllers */ = {
			isa = PBXGroup;
			children = (
				3750532F19EC35D500607BAF /* HomeViewController.h */,
				3750533019EC35D500607BAF /* HomeViewController.m */,
				3750533319EC597200607BAF /* LoginViewController.h */,
				3750533419EC597200607BAF /* LoginViewController.m */,
				3750534C19EED3C900607BAF /* SelectLocationViewController.h */,
				3750534D19EED3C900607BAF /* SelectLocationViewController.m */,
			);
			name = Controllers;
			sourceTree = "<group>";
		};
		37D82F4419E8AF8000DF6775 /* Views */ = {
			isa = PBXGroup;
			children = (
			);
			name = Views;
			sourceTree = "<group>";
		};
		37D82F4519E8CBC700DF6775 /* Network Client */ = {
			isa = PBXGroup;
			children = (
				37D82F4619E8CBF200DF6775 /* FourSquareAPIClient.h */,
				37D82F4719E8CBF200DF6775 /* FourSquareAPIClient.m */,
				3750534F19EF32B200607BAF /* GooglePlacesClient.h */,
				3750535019EF32B200607BAF /* GooglePlacesClient.m */,
				37D82F4919E8CD3500DF6775 /* Serializers */,
			);
			name = "Network Client";
			sourceTree = "<group>";
		};
		37D82F4919E8CD3500DF6775 /* Serializers */ = {
			isa = PBXGroup;
			children = (
				37D82F4A19E8CD6F00DF6775 /* FourSquareJSONResponseSerializer.h */,
				37D82F4B19E8CD6F00DF6775 /* FourSquareJSONResponseSerializer.m */,
				37D82F4D19E8CD9800DF6775 /* FourSquareJSONRequestSerializer.h */,
				37D82F4E19E8CD9800DF6775 /* FourSquareJSONRequestSerializer.m */,
			);
			name = Serializers;
			sourceTree = "<group>";
		};
		6331721BCBC8FF224067D70B /* Pods */ = {
			isa = PBXGroup;
			children = (
				29D046EE76B3265E9C98E4C4 /* Pods.debug.xcconfig */,
				C017DE384665C45848A93927 /* Pods.release.xcconfig */,
			);
			name = Pods;
			sourceTree = "<group>";
		};
		B2638A64A0F189760A7E9289 /* Frameworks */ = {
			isa = PBXGroup;
			children = (
				3750534A19EECF4400607BAF /* CoreLocation.framework */,
				3750534819EECF3C00607BAF /* MapKit.framework */,
				97773A3A90A2E8721A16B077 /* libPods.a */,
			);
			name = Frameworks;
			sourceTree = "<group>";
		};
/* End PBXGroup section */

/* Begin PBXNativeTarget section */
		375052FF19E83A7E00607BAF /* BeenThere */ = {
			isa = PBXNativeTarget;
			buildConfigurationList = 3750532319E83A7E00607BAF /* Build configuration list for PBXNativeTarget "BeenThere" */;
			buildPhases = (
				B64ED977F73C58D2DD6B5987 /* Check Pods Manifest.lock */,
				375052FC19E83A7E00607BAF /* Sources */,
				375052FD19E83A7E00607BAF /* Frameworks */,
				375052FE19E83A7E00607BAF /* Resources */,
				3B28C25E1BB1605058269622 /* Copy Pods Resources */,
			);
			buildRules = (
			);
			dependencies = (
			);
			name = BeenThere;
			productName = BeenThere;
			productReference = 3750530019E83A7E00607BAF /* BeenThere.app */;
			productType = "com.apple.product-type.application";
		};
/* End PBXNativeTarget section */

/* Begin PBXProject section */
		375052F819E83A7E00607BAF /* Project object */ = {
			isa = PBXProject;
			attributes = {
				LastUpgradeCheck = 0600;
				ORGANIZATIONNAME = Taptonics;
				TargetAttributes = {
					375052FF19E83A7E00607BAF = {
						CreatedOnToolsVersion = 6.0.1;
						DevelopmentTeam = 6R763TRQYY;
					};
				};
			};
			buildConfigurationList = 375052FB19E83A7E00607BAF /* Build configuration list for PBXProject "BeenThere" */;
			compatibilityVersion = "Xcode 3.2";
			developmentRegion = English;
			hasScannedForEncodings = 0;
			knownRegions = (
				en,
				Base,
			);
			mainGroup = 375052F719E83A7E00607BAF;
			productRefGroup = 3750530119E83A7E00607BAF /* Products */;
			projectDirPath = "";
			projectRoot = "";
			targets = (
				375052FF19E83A7E00607BAF /* BeenThere */,
			);
		};
/* End PBXProject section */

/* Begin PBXResourcesBuildPhase section */
		375052FE19E83A7E00607BAF /* Resources */ = {
			isa = PBXResourcesBuildPhase;
			buildActionMask = 2147483647;
			files = (
				3750530F19E83A7E00607BAF /* Main.storyboard in Resources */,
				3750531119E83A7E00607BAF /* Images.xcassets in Resources */,
				37D82F3F19E8AF3700DF6775 /* Nanaimo.gpx in Resources */,
			);
			runOnlyForDeploymentPostprocessing = 0;
		};
/* End PBXResourcesBuildPhase section */

/* Begin PBXShellScriptBuildPhase section */
		3B28C25E1BB1605058269622 /* Copy Pods Resources */ = {
			isa = PBXShellScriptBuildPhase;
			buildActionMask = 2147483647;
			files = (
			);
			inputPaths = (
			);
			name = "Copy Pods Resources";
			outputPaths = (
			);
			runOnlyForDeploymentPostprocessing = 0;
			shellPath = /bin/sh;
			shellScript = "\"${SRCROOT}/Pods/Target Support Files/Pods/Pods-resources.sh\"\n";
			showEnvVarsInLog = 0;
		};
		B64ED977F73C58D2DD6B5987 /* Check Pods Manifest.lock */ = {
			isa = PBXShellScriptBuildPhase;
			buildActionMask = 2147483647;
			files = (
			);
			inputPaths = (
			);
			name = "Check Pods Manifest.lock";
			outputPaths = (
			);
			runOnlyForDeploymentPostprocessing = 0;
			shellPath = /bin/sh;
			shellScript = "diff \"${PODS_ROOT}/../Podfile.lock\" \"${PODS_ROOT}/Manifest.lock\" > /dev/null\nif [[ $? != 0 ]] ; then\n    cat << EOM\nerror: The sandbox is not in sync with the Podfile.lock. Run 'pod install' or update your CocoaPods installation.\nEOM\n    exit 1\nfi\n";
			showEnvVarsInLog = 0;
		};
/* End PBXShellScriptBuildPhase section */

/* Begin PBXSourcesBuildPhase section */
		375052FC19E83A7E00607BAF /* Sources */ = {
			isa = PBXSourcesBuildPhase;
			buildActionMask = 2147483647;
			files = (
				3750533519EC597200607BAF /* LoginViewController.m in Sources */,
				3750534E19EED3C900607BAF /* SelectLocationViewController.m in Sources */,
				3763EB4419F1C0D0004B9546 /* MKMapView+ZoomLevel.m in Sources */,
				3750533D19ED874500607BAF /* HoodieManager.m in Sources */,
				3750534719ED8F3000607BAF /* JVFloatLabeledTextField+Styles.m in Sources */,
				3750533A19ED7F6900607BAF /* UIButton+Styles.m in Sources */,
				37D82F4F19E8CD9800DF6775 /* FourSquareJSONRequestSerializer.m in Sources */,
				3750533119EC35D500607BAF /* HomeViewController.m in Sources */,
				37892E5019EE0105008BE88D /* AppearanceManager.m in Sources */,
				3750530919E83A7E00607BAF /* AppDelegate.m in Sources */,
				37892E4D19ECF169008BE88D /* UIColor+Styles.m in Sources */,
				3750535419F0240B00607BAF /* FourSquarePlace.m in Sources */,
				3750534119ED898500607BAF /* FadeSegue.m in Sources */,
				37D82F4819E8CBF200DF6775 /* FourSquareAPIClient.m in Sources */,
				3750532E19EC35BA00607BAF /* UIView+Layout.m in Sources */,
				3750530619E83A7E00607BAF /* main.m in Sources */,
				3750534419ED8A6200607BAF /* MaskTransition.m in Sources */,
				37D82F4C19E8CD6F00DF6775 /* FourSquareJSONResponseSerializer.m in Sources */,
				3750535119EF32B200607BAF /* GooglePlacesClient.m in Sources */,
			);
			runOnlyForDeploymentPostprocessing = 0;
		};
/* End PBXSourcesBuildPhase section */

/* Begin PBXVariantGroup section */
		3750530D19E83A7E00607BAF /* Main.storyboard */ = {
			isa = PBXVariantGroup;
			children = (
				3750530E19E83A7E00607BAF /* Base */,
			);
			name = Main.storyboard;
			sourceTree = "<group>";
		};
/* End PBXVariantGroup section */

/* Begin XCBuildConfiguration section */
		3750532119E83A7E00607BAF /* Debug */ = {
			isa = XCBuildConfiguration;
			buildSettings = {
				ALWAYS_SEARCH_USER_PATHS = NO;
				CLANG_CXX_LANGUAGE_STANDARD = "gnu++0x";
				CLANG_CXX_LIBRARY = "libc++";
				CLANG_ENABLE_MODULES = YES;
				CLANG_ENABLE_OBJC_ARC = YES;
				CLANG_WARN_BOOL_CONVERSION = YES;
				CLANG_WARN_CONSTANT_CONVERSION = YES;
				CLANG_WARN_DIRECT_OBJC_ISA_USAGE = YES_ERROR;
				CLANG_WARN_EMPTY_BODY = YES;
				CLANG_WARN_ENUM_CONVERSION = YES;
				CLANG_WARN_INT_CONVERSION = YES;
				CLANG_WARN_OBJC_ROOT_CLASS = YES_ERROR;
				CLANG_WARN_UNREACHABLE_CODE = YES;
				CLANG_WARN__DUPLICATE_METHOD_MATCH = YES;
				"CODE_SIGN_IDENTITY[sdk=iphoneos*]" = "iPhone Developer";
				COPY_PHASE_STRIP = NO;
				ENABLE_STRICT_OBJC_MSGSEND = YES;
				GCC_C_LANGUAGE_STANDARD = gnu99;
				GCC_DYNAMIC_NO_PIC = NO;
				GCC_OPTIMIZATION_LEVEL = 0;
				GCC_PRECOMPILE_PREFIX_HEADER = YES;
				GCC_PREFIX_HEADER = BeenThere/BeenThere.pch;
				GCC_PREPROCESSOR_DEFINITIONS = (
					"DEBUG=1",
					"$(inherited)",
				);
				GCC_SYMBOLS_PRIVATE_EXTERN = NO;
				GCC_WARN_64_TO_32_BIT_CONVERSION = YES;
				GCC_WARN_ABOUT_RETURN_TYPE = YES_ERROR;
				GCC_WARN_UNDECLARED_SELECTOR = YES;
				GCC_WARN_UNINITIALIZED_AUTOS = YES_AGGRESSIVE;
				GCC_WARN_UNUSED_FUNCTION = YES;
				GCC_WARN_UNUSED_VARIABLE = YES;
				IPHONEOS_DEPLOYMENT_TARGET = 7.1;
				MTL_ENABLE_DEBUG_INFO = YES;
				ONLY_ACTIVE_ARCH = YES;
				SDKROOT = iphoneos;
			};
			name = Debug;
		};
		3750532219E83A7E00607BAF /* Release */ = {
			isa = XCBuildConfiguration;
			buildSettings = {
				ALWAYS_SEARCH_USER_PATHS = NO;
				CLANG_CXX_LANGUAGE_STANDARD = "gnu++0x";
				CLANG_CXX_LIBRARY = "libc++";
				CLANG_ENABLE_MODULES = YES;
				CLANG_ENABLE_OBJC_ARC = YES;
				CLANG_WARN_BOOL_CONVERSION = YES;
				CLANG_WARN_CONSTANT_CONVERSION = YES;
				CLANG_WARN_DIRECT_OBJC_ISA_USAGE = YES_ERROR;
				CLANG_WARN_EMPTY_BODY = YES;
				CLANG_WARN_ENUM_CONVERSION = YES;
				CLANG_WARN_INT_CONVERSION = YES;
				CLANG_WARN_OBJC_ROOT_CLASS = YES_ERROR;
				CLANG_WARN_UNREACHABLE_CODE = YES;
				CLANG_WARN__DUPLICATE_METHOD_MATCH = YES;
				"CODE_SIGN_IDENTITY[sdk=iphoneos*]" = "iPhone Developer";
				COPY_PHASE_STRIP = YES;
				ENABLE_NS_ASSERTIONS = NO;
				ENABLE_STRICT_OBJC_MSGSEND = YES;
				GCC_C_LANGUAGE_STANDARD = gnu99;
				GCC_PRECOMPILE_PREFIX_HEADER = YES;
				GCC_PREFIX_HEADER = BeenThere/BeenThere.pch;
				GCC_WARN_64_TO_32_BIT_CONVERSION = YES;
				GCC_WARN_ABOUT_RETURN_TYPE = YES_ERROR;
				GCC_WARN_UNDECLARED_SELECTOR = YES;
				GCC_WARN_UNINITIALIZED_AUTOS = YES_AGGRESSIVE;
				GCC_WARN_UNUSED_FUNCTION = YES;
				GCC_WARN_UNUSED_VARIABLE = YES;
				IPHONEOS_DEPLOYMENT_TARGET = 7.1;
				MTL_ENABLE_DEBUG_INFO = NO;
				SDKROOT = iphoneos;
				VALIDATE_PRODUCT = YES;
			};
			name = Release;
		};
		3750532419E83A7E00607BAF /* Debug */ = {
			isa = XCBuildConfiguration;
			baseConfigurationReference = 29D046EE76B3265E9C98E4C4 /* Pods.debug.xcconfig */;
			buildSettings = {
				ASSETCATALOG_COMPILER_APPICON_NAME = AppIcon;
				ASSETCATALOG_COMPILER_LAUNCHIMAGE_NAME = LaunchImage;
				CODE_SIGN_IDENTITY = "iPhone Developer";
				INFOPLIST_FILE = BeenThere/Info.plist;
				IPHONEOS_DEPLOYMENT_TARGET = 8.0;
				LD_RUNPATH_SEARCH_PATHS = "$(inherited) @executable_path/Frameworks";
				PRODUCT_NAME = "$(TARGET_NAME)";
			};
			name = Debug;
		};
		3750532519E83A7E00607BAF /* Release */ = {
			isa = XCBuildConfiguration;
			baseConfigurationReference = C017DE384665C45848A93927 /* Pods.release.xcconfig */;
			buildSettings = {
				ASSETCATALOG_COMPILER_APPICON_NAME = AppIcon;
				ASSETCATALOG_COMPILER_LAUNCHIMAGE_NAME = LaunchImage;
				CODE_SIGN_IDENTITY = "iPhone Developer";
				INFOPLIST_FILE = BeenThere/Info.plist;
				IPHONEOS_DEPLOYMENT_TARGET = 8.0;
				LD_RUNPATH_SEARCH_PATHS = "$(inherited) @executable_path/Frameworks";
				PRODUCT_NAME = "$(TARGET_NAME)";
			};
			name = Release;
		};
/* End XCBuildConfiguration section */

/* Begin XCConfigurationList section */
		375052FB19E83A7E00607BAF /* Build configuration list for PBXProject "BeenThere" */ = {
			isa = XCConfigurationList;
			buildConfigurations = (
				3750532119E83A7E00607BAF /* Debug */,
				3750532219E83A7E00607BAF /* Release */,
			);
			defaultConfigurationIsVisible = 0;
			defaultConfigurationName = Release;
		};
		3750532319E83A7E00607BAF /* Build configuration list for PBXNativeTarget "BeenThere" */ = {
			isa = XCConfigurationList;
			buildConfigurations = (
				3750532419E83A7E00607BAF /* Debug */,
				3750532519E83A7E00607BAF /* Release */,
			);
			defaultConfigurationIsVisible = 0;
			defaultConfigurationName = Release;
		};
/* End XCConfigurationList section */
	};
	rootObject = 375052F819E83A7E00607BAF /* Project object */;
}
